
Microsoft Visual Studio Solution File, Format Version 12.00
# Visual Studio Version 17
VisualStudioVersion = 17.1.32407.343
MinimumVisualStudioVersion = 10.0.40219.1
Project("{FAE04EC0-301F-11D3-BF4B-00C04F79EFBC}") = "Triangles", "Triangles\Triangles.csproj", "{B3FF391D-999E-49AC-89E9-61CB98067E04}"
EndProject
Global
	GlobalSection(SolutionConfigurationPlatforms) = preSolution
		Debug|Any CPU = Debug|Any CPU
		Release|Any CPU = Release|Any CPU
	EndGlobalSection
	GlobalSection(ProjectConfigurationPlatforms) = postSolution
		{B3FF391D-999E-49AC-89E9-61CB98067E04}.Debug|Any CPU.ActiveCfg = Debug|Any CPU
		{B3FF391D-999E-49AC-89E9-61CB98067E04}.Debug|Any CPU.Build.0 = Debug|Any CPU
		{B3FF391D-999E-49AC-89E9-61CB98067E04}.Release|Any CPU.ActiveCfg = Release|Any CPU
		{B3FF391D-999E-49AC-89E9-61CB98067E04}.Release|Any CPU.Build.0 = Release|Any CPU
	EndGlobalSection
	GlobalSection(SolutionProperties) = preSolution
		HideSolutionNode = FALSE
	EndGlobalSection
	GlobalSection(ExtensibilityGlobals) = postSolution
		SolutionGuid = {BD0496B9-A6C1-40E9-9335-BCDBF648871B}
	EndGlobalSection
EndGlobal
